
Microsoft Visual Studio Solution File, Format Version 12.00
# Visual Studio Version 16
VisualStudioVersion = 16.0.29728.190
MinimumVisualStudioVersion = 10.0.40219.1
Project("{FAE04EC0-301F-11D3-BF4B-00C04F79EFBC}") = "ContactsApp", "ContactsApp\ContactsApp.csproj", "{68599155-A09E-4E15-A4EC-7E40D24C559E}"
EndProject
Global
	GlobalSection(SolutionConfigurationPlatforms) = preSolution
		Debug|Any CPU = Debug|Any CPU
		Release|Any CPU = Release|Any CPU
	EndGlobalSection
	GlobalSection(ProjectConfigurationPlatforms) = postSolution
		{68599155-A09E-4E15-A4EC-7E40D24C559E}.Debug|Any CPU.ActiveCfg = Debug|Any CPU
		{68599155-A09E-4E15-A4EC-7E40D24C559E}.Debug|Any CPU.Build.0 = Debug|Any CPU
		{68599155-A09E-4E15-A4EC-7E40D24C559E}.Release|Any CPU.ActiveCfg = Release|Any CPU
		{68599155-A09E-4E15-A4EC-7E40D24C559E}.Release|Any CPU.Build.0 = Release|Any CPU
	EndGlobalSection
	GlobalSection(SolutionProperties) = preSolution
		HideSolutionNode = FALSE
	EndGlobalSection
	GlobalSection(ExtensibilityGlobals) = postSolution
		SolutionGuid = {746BE4B0-310D-4289-AF89-A1A3F30AC2F0}
	EndGlobalSection
EndGlobal
